
Microsoft Visual Studio Solution File, Format Version 12.00
# Visual Studio Version 17
VisualStudioVersion = 17.0.31314.256
MinimumVisualStudioVersion = 10.0.40219.1
Project("{2150E333-8FDC-42A3-9474-1A3956D46DE8}") = "Automation", "Automation", "{0BFBE63A-B98A-3411-8EEB-8918FEC737B3}"
EndProject
Project("{2150E333-8FDC-42A3-9474-1A3956D46DE8}") = "Programs", "Programs", "{A338B9E2-A559-34BE-A46D-F789DD488FAD}"
EndProject
Project("{2150E333-8FDC-42A3-9474-1A3956D46DE8}") = "Rules", "Rules", "{C2F57ECE-B26F-39D8-BDA7-C1D40BD8F180}"
EndProject
Project("{2150E333-8FDC-42A3-9474-1A3956D46DE8}") = "Shared", "Shared", "{57713676-9DBE-331C-AD10-26632AC9EE0C}"
EndProject
Project("{2150E333-8FDC-42A3-9474-1A3956D46DE8}") = "UnrealBuildTool.Plugins", "UnrealBuildTool.Plugins", "{7B5CFB44-F0FB-31DF-AE62-C3C096A29A7B}"
EndProject
Project("{FAE04EC0-301F-11D3-BF4B-00C04F79EFBC}") = "UnrealBuildTool", "../../../UE_5.5/Engine/Source/Programs/UnrealBuildTool/UnrealBuildTool.csproj", "{D1687B32-B064-30A2-A1CD-489C4B340DB6}"
EndProject
Project("{FAE04EC0-301F-11D3-BF4B-00C04F79EFBC}") = "AutomationTool", "../../../UE_5.5/Engine/Source/Programs/AutomationTool/AutomationTool.csproj", "{979E8D48-FB4E-3E6E-AEEB-00BAC67210E1}"
EndProject
Project("{FAE04EC0-301F-11D3-BF4B-00C04F79EFBC}") = "Android.Automation", "../../../UE_5.5/Engine/Source/Programs/AutomationTool/Android/Android.Automation.csproj", "{206E989D-3936-3755-BC3C-351596E8D26E}"
EndProject
Project("{FAE04EC0-301F-11D3-BF4B-00C04F79EFBC}") = "Apple.Automation", "../../../UE_5.5/Engine/Source/Programs/AutomationTool/Apple/Apple.Automation.csproj", "{078DC983-5027-3AFE-80EB-DEA44D9D616A}"
EndProject
Project("{FAE04EC0-301F-11D3-BF4B-00C04F79EFBC}") = "AutomationUtils.Automation", "../../../UE_5.5/Engine/Source/Programs/AutomationTool/AutomationUtils/AutomationUtils.Automation.csproj", "{4DAA8697-A78F-34AC-9685-4F7A03D32D61}"
EndProject
Project("{FAE04EC0-301F-11D3-BF4B-00C04F79EFBC}") = "BuildGraph.Automation", "../../../UE_5.5/Engine/Source/Programs/AutomationTool/BuildGraph/BuildGraph.Automation.csproj", "{FD10A838-949F-37F6-8869-519D0A2861D4}"
EndProject
Project("{FAE04EC0-301F-11D3-BF4B-00C04F79EFBC}") = "CookedEditor.Automation", "../../../UE_5.5/Engine/Source/Programs/AutomationTool/CookedEditor/CookedEditor.Automation.csproj", "{7F4CA0AB-8361-3F42-ACD1-5FC7E8A2E7B1}"
EndProject
Project("{FAE04EC0-301F-11D3-BF4B-00C04F79EFBC}") = "CrowdinLocalization.Automation", "../../../UE_5.5/Engine/Source/Programs/AutomationTool/CrowdinLocalization/CrowdinLocalization.Automation.csproj", "{54A420A7-147F-311A-8C50-702895119DD2}"
EndProject
Project("{FAE04EC0-301F-11D3-BF4B-00C04F79EFBC}") = "Gauntlet.Automation", "../../../UE_5.5/Engine/Source/Programs/AutomationTool/Gauntlet/Gauntlet.Automation.csproj", "{268679D5-FD13-338E-A3B3-8D000A57D244}"
EndProject
Project("{FAE04EC0-301F-11D3-BF4B-00C04F79EFBC}") = "IOS.Automation", "../../../UE_5.5/Engine/Source/Programs/AutomationTool/IOS/IOS.Automation.csproj", "{E9FC5AA5-7AA5-38D1-B9DF-1339D3F3F9AE}"
EndProject
Project("{FAE04EC0-301F-11D3-BF4B-00C04F79EFBC}") = "Linux.Automation", "../../../UE_5.5/Engine/Source/Programs/AutomationTool/Linux/Linux.Automation.csproj", "{2B5CAD57-431C-3594-85F4-AD57EFE8B273}"
EndProject
Project("{FAE04EC0-301F-11D3-BF4B-00C04F79EFBC}") = "LiveLinkHub.Automation", "../../../UE_5.5/Engine/Source/Programs/AutomationTool/LiveLinkHub/LiveLinkHub.Automation.csproj", "{BC42CC28-781B-3F09-983B-47D760537E31}"
EndProject
Project("{FAE04EC0-301F-11D3-BF4B-00C04F79EFBC}") = "Localization.Automation", "../../../UE_5.5/Engine/Source/Programs/AutomationTool/Localization/Localization.Automation.csproj", "{D9F26264-9537-3D02-A9BF-F4CB13B01964}"
EndProject
Project("{FAE04EC0-301F-11D3-BF4B-00C04F79EFBC}") = "LowLevelTests.Automation", "../../../UE_5.5/Engine/Source/Programs/AutomationTool/LowLevelTests/LowLevelTests.Automation.csproj", "{86816685-7AD3-3A12-89BF-37261B7E8418}"
EndProject
Project("{FAE04EC0-301F-11D3-BF4B-00C04F79EFBC}") = "Mac.Automation", "../../../UE_5.5/Engine/Source/Programs/AutomationTool/Mac/Mac.Automation.csproj", "{EDCAC30C-F3CF-3380-B013-4A6F9702D5EF}"
EndProject
Project("{FAE04EC0-301F-11D3-BF4B-00C04F79EFBC}") = "RunMutableCommandlet.Automation", "../../../UE_5.5/Engine/Source/Programs/AutomationTool/Mutable/RunMutableCommandlet/RunMutableCommandlet.Automation.csproj", "{2FCF94CE-4D8F-3A68-8B50-5ACBC9208BC1}"
EndProject
Project("{FAE04EC0-301F-11D3-BF4B-00C04F79EFBC}") = "OneSkyLocalization.Automation", "../../../UE_5.5/Engine/Source/Programs/AutomationTool/OneSkyLocalization/OneSkyLocalization.Automation.csproj", "{311E4331-B370-3C8C-9E97-997776183C49}"
EndProject
Project("{FAE04EC0-301F-11D3-BF4B-00C04F79EFBC}") = "AutomationScripts.Automation", "../../../UE_5.5/Engine/Source/Programs/AutomationTool/Scripts/AutomationScripts.Automation.csproj", "{5EE52764-4A79-3780-AA2C-F5DCC2C48D62}"
EndProject
Project("{FAE04EC0-301F-11D3-BF4B-00C04F79EFBC}") = "SmartlingLocalization.Automation", "../../../UE_5.5/Engine/Source/Programs/AutomationTool/SmartlingLocalization/SmartlingLocalization.Automation.csproj", "{53E63BBB-15F3-3161-AE79-34D001E33A9E}"
EndProject
Project("{FAE04EC0-301F-11D3-BF4B-00C04F79EFBC}") = "SteamDeck.Automation", "../../../UE_5.5/Engine/Source/Programs/AutomationTool/SteamDeck/SteamDeck.Automation.csproj", "{F3D14E93-86B9-3A67-97C9-7A01DA40F302}"
EndProject
Project("{FAE04EC0-301F-11D3-BF4B-00C04F79EFBC}") = "TVOS.Automation", "../../../UE_5.5/Engine/Source/Programs/AutomationTool/TVOS/TVOS.Automation.csproj", "{5B85C2BA-5619-3AC6-B4A6-7DC2BC1E2992}"
EndProject
Project("{FAE04EC0-301F-11D3-BF4B-00C04F79EFBC}") = "Turnkey.Automation", "../../../UE_5.5/Engine/Source/Programs/AutomationTool/Turnkey/Turnkey.Automation.csproj", "{B9186088-05DF-3560-9D0F-4ADBD6F22CF0}"
EndProject
Project("{FAE04EC0-301F-11D3-BF4B-00C04F79EFBC}") = "Win.Automation", "../../../UE_5.5/Engine/Source/Programs/AutomationTool/Win/Win.Automation.csproj", "{60BD39C8-BC38-3069-A1AE-8787BA7740EF}"
EndProject
Project("{FAE04EC0-301F-11D3-BF4B-00C04F79EFBC}") = "XLocLocalization.Automation", "../../../UE_5.5/Engine/Source/Programs/AutomationTool/XLocLocalization/XLocLocalization.Automation.csproj", "{6176772D-3FF4-381D-989F-FF40365A3B9A}"
EndProject
Project("{FAE04EC0-301F-11D3-BF4B-00C04F79EFBC}") = "VisionOS.Automation", "../../../UE_5.5/Engine/Platforms/VisionOS/Source/Programs/AutomationTool/VisionOS.Automation.csproj", "{E4D7FF85-1951-3CBB-AF56-7AC93DBDD2DD}"
EndProject
Project("{FAE04EC0-301F-11D3-BF4B-00C04F79EFBC}") = "ScriptGeneratorUbtPlugin.ubtplugin", "../../../UE_5.5/Engine/Plugins/ScriptPlugin/Source/ScriptGeneratorUbtPlugin/ScriptGeneratorUbtPlugin.ubtplugin.csproj", "{878AE9BE-8ACA-39E2-A341-B0C7835313E1}"
EndProject
Project("{FAE04EC0-301F-11D3-BF4B-00C04F79EFBC}") = "EpicGames.MongoDB", "../../../UE_5.5/Engine/Source/Programs/Shared/EpicGames.MongoDB/EpicGames.MongoDB.csproj", "{E076339D-48D4-3CF2-8F0B-3DA46729115F}"
EndProject
Project("{FAE04EC0-301F-11D3-BF4B-00C04F79EFBC}") = "EpicGames.Perforce.Managed", "../../../UE_5.5/Engine/Source/Programs/Shared/EpicGames.Perforce.Managed/EpicGames.Perforce.Managed.csproj", "{2B078404-F901-39C5-8806-A8E97BF8BBB3}"
EndProject
Project("{FAE04EC0-301F-11D3-BF4B-00C04F79EFBC}") = "EpicGames.ProjectStore", "../../../UE_5.5/Engine/Source/Programs/Shared/EpicGames.ProjectStore/EpicGames.ProjectStore.csproj", "{531CD0D8-2BA6-399E-9C81-27878BA82D64}"
EndProject
Project("{FAE04EC0-301F-11D3-BF4B-00C04F79EFBC}") = "EpicGames.Jupiter", "../../../UE_5.5/Engine/Source/Programs/Shared/EpicGames.Jupiter/EpicGames.Jupiter.csproj", "{17FC34E5-C8B4-33FF-A468-1237254DEC5B}"
EndProject
Project("{FAE04EC0-301F-11D3-BF4B-00C04F79EFBC}") = "EpicGames.BuildGraph", "../../../UE_5.5/Engine/Source/Programs/Shared/EpicGames.BuildGraph/EpicGames.BuildGraph.csproj", "{D05441D4-3E4B-39A9-BC33-033EDEB0AC9D}"
EndProject
Project("{FAE04EC0-301F-11D3-BF4B-00C04F79EFBC}") = "EpicGames.Build", "../../../UE_5.5/Engine/Source/Programs/Shared/EpicGames.Build/EpicGames.Build.csproj", "{60C8EC0E-DA9F-35A0-BFCF-2515C3B9CD4B}"
EndProject
Project("{FAE04EC0-301F-11D3-BF4B-00C04F79EFBC}") = "EpicGames.Slack", "../../../UE_5.5/Engine/Source/Programs/Shared/EpicGames.Slack/EpicGames.Slack.csproj", "{7A240F1A-A3DB-3C30-B68B-89C7EC10DBAB}"
EndProject
Project("{FAE04EC0-301F-11D3-BF4B-00C04F79EFBC}") = "EpicGames.Core", "../../../UE_5.5/Engine/Source/Programs/Shared/EpicGames.Core/EpicGames.Core.csproj", "{10529F23-1371-3D1D-9AF5-BC90798BB97E}"
EndProject
Project("{FAE04EC0-301F-11D3-BF4B-00C04F79EFBC}") = "EpicGames.Perforce.Fixture", "../../../UE_5.5/Engine/Source/Programs/Shared/EpicGames.Perforce.Fixture/EpicGames.Perforce.Fixture.csproj", "{F6631977-6E68-3CB2-9365-62B1BA4EE91D}"
EndProject
Project("{FAE04EC0-301F-11D3-BF4B-00C04F79EFBC}") = "EpicGames.Oodle", "../../../UE_5.5/Engine/Source/Programs/Shared/EpicGames.Oodle/EpicGames.Oodle.csproj", "{575A163E-E607-393B-A097-181B1717DB32}"
EndProject
Project("{FAE04EC0-301F-11D3-BF4B-00C04F79EFBC}") = "EpicGames.MsBuild", "../../../UE_5.5/Engine/Source/Programs/Shared/EpicGames.MsBuild/EpicGames.MsBuild.csproj", "{2A287793-8BDA-3769-86B0-33FAC2D144F7}"
EndProject
Project("{FAE04EC0-301F-11D3-BF4B-00C04F79EFBC}") = "EpicGames.Perforce", "../../../UE_5.5/Engine/Source/Programs/Shared/EpicGames.Perforce/EpicGames.Perforce.csproj", "{065A4733-0D85-37F9-95FA-14711DC5F98D}"
EndProject
Project("{FAE04EC0-301F-11D3-BF4B-00C04F79EFBC}") = "EpicGames.Tracing", "../../../UE_5.5/Engine/Source/Programs/Shared/EpicGames.Tracing/EpicGames.Tracing.csproj", "{5FE436AD-B730-3688-96DB-E7A8541BFC70}"
EndProject
Project("{FAE04EC0-301F-11D3-BF4B-00C04F79EFBC}") = "EpicGames.AspNet", "../../../UE_5.5/Engine/Source/Programs/Shared/EpicGames.AspNet/EpicGames.AspNet.csproj", "{5A458B2D-C4E4-3004-BBFA-2182962C2FC0}"
EndProject
Project("{FAE04EC0-301F-11D3-BF4B-00C04F79EFBC}") = "EpicGames.OIDC", "../../../UE_5.5/Engine/Source/Programs/Shared/EpicGames.OIDC/EpicGames.OIDC.csproj", "{5D1D18D9-20DE-3BF6-B711-DFA27FACC745}"
EndProject
Project("{FAE04EC0-301F-11D3-BF4B-00C04F79EFBC}") = "EpicGames.Horde", "../../../UE_5.5/Engine/Source/Programs/Shared/EpicGames.Horde/EpicGames.Horde.csproj", "{6395EDA4-970E-37EB-9AB8-8BA0BC1D4E37}"
EndProject
Project("{FAE04EC0-301F-11D3-BF4B-00C04F79EFBC}") = "EpicGames.IoHash", "../../../UE_5.5/Engine/Source/Programs/Shared/EpicGames.IoHash/EpicGames.IoHash.csproj", "{36361298-2A91-35E8-AB7D-7172E084A8CA}"
EndProject
Project("{FAE04EC0-301F-11D3-BF4B-00C04F79EFBC}") = "EpicGames.Serialization", "../../../UE_5.5/Engine/Source/Programs/Shared/EpicGames.Serialization/EpicGames.Serialization.csproj", "{DAC76070-3A7B-3696-8171-AC1F4D22B2D9}"
EndProject
Project("{FAE04EC0-301F-11D3-BF4B-00C04F79EFBC}") = "EpicGames.Redis", "../../../UE_5.5/Engine/Source/Programs/Shared/EpicGames.Redis/EpicGames.Redis.csproj", "{887156CA-A006-3F42-9F59-6FEF1E2D2596}"
EndProject
Project("{FAE04EC0-301F-11D3-BF4B-00C04F79EFBC}") = "EpicGames.UBA", "../../../UE_5.5/Engine/Source/Programs/Shared/EpicGames.UBA/EpicGames.UBA.csproj", "{9D9C55F8-8378-3827-A9A7-AE1DAD29CB9C}"
EndProject
Project("{FAE04EC0-301F-11D3-BF4B-00C04F79EFBC}") = "EpicGames.UHT", "../../../UE_5.5/Engine/Source/Programs/Shared/EpicGames.UHT/EpicGames.UHT.csproj", "{CB7C4B34-B879-397A-9B30-89CB530095E9}"
EndProject
Project("{FAE04EC0-301F-11D3-BF4B-00C04F79EFBC}") = "ChickenGameModuleRules", "Intermediate/Build/BuildRulesProjects/ChickenGameModuleRules/ChickenGameModuleRules.csproj", "{95F810E7-A5C2-3F36-B30F-6AA841CB8038}"
EndProject
Project("{FAE04EC0-301F-11D3-BF4B-00C04F79EFBC}") = "UE5ProgramRules", "../../../UE_5.5/Engine/Intermediate/Build/BuildRulesProjects/UE5ProgramRules/UE5ProgramRules.csproj", "{BC1E8C89-E382-3BCE-9116-6F57434123FC}"
EndProject
Project("{FAE04EC0-301F-11D3-BF4B-00C04F79EFBC}") = "UE5Rules", "../../../UE_5.5/Engine/Intermediate/Build/BuildRulesProjects/UE5Rules/UE5Rules.csproj", "{842539DB-1F14-3820-ADD7-E7C7444338E0}"
EndProject
Project("{2150E333-8FDC-42A3-9474-1A3956D46DE8}") = "Visualizers", "Visualizers", "{1CCEC849-CC72-4C59-8C36-2F7C38706D4C}"
	ProjectSection(SolutionItems) = preProject
		../../../UE_5.5/Engine/Extras/VisualStudioDebugging/Unreal.natvis = ../../../UE_5.5/Engine/Extras/VisualStudioDebugging/Unreal.natvis
		../../../UE_5.5/Engine/Extras/VisualStudioDebugging/Unreal.natstepfilter = ../../../UE_5.5/Engine/Extras/VisualStudioDebugging/Unreal.natstepfilter
	EndProjectSection
EndProject
Global
	GlobalSection(SolutionConfigurationPlatforms) = preSolution
	EndGlobalSection
	# UnrealVS Section
	GlobalSection(ddbf523f-7eb6-4887-bd51-85a714ff87eb) = preSolution
		AvailablePlatforms=
	EndGlobalSection
	GlobalSection(ProjectConfigurationPlatforms) = postSolution
	EndGlobalSection
	GlobalSection(SolutionProperties) = preSolution
		HideSolutionNode = FALSE
	EndGlobalSection
	GlobalSection(NestedProjects) = preSolution
		{D1687B32-B064-30A2-A1CD-489C4B340DB6} = {A338B9E2-A559-34BE-A46D-F789DD488FAD}
		{979E8D48-FB4E-3E6E-AEEB-00BAC67210E1} = {A338B9E2-A559-34BE-A46D-F789DD488FAD}
		{0BFBE63A-B98A-3411-8EEB-8918FEC737B3} = {A338B9E2-A559-34BE-A46D-F789DD488FAD}
		{7B5CFB44-F0FB-31DF-AE62-C3C096A29A7B} = {A338B9E2-A559-34BE-A46D-F789DD488FAD}
		{57713676-9DBE-331C-AD10-26632AC9EE0C} = {A338B9E2-A559-34BE-A46D-F789DD488FAD}
		{206E989D-3936-3755-BC3C-351596E8D26E} = {0BFBE63A-B98A-3411-8EEB-8918FEC737B3}
		{078DC983-5027-3AFE-80EB-DEA44D9D616A} = {0BFBE63A-B98A-3411-8EEB-8918FEC737B3}
		{4DAA8697-A78F-34AC-9685-4F7A03D32D61} = {0BFBE63A-B98A-3411-8EEB-8918FEC737B3}
		{FD10A838-949F-37F6-8869-519D0A2861D4} = {0BFBE63A-B98A-3411-8EEB-8918FEC737B3}
		{7F4CA0AB-8361-3F42-ACD1-5FC7E8A2E7B1} = {0BFBE63A-B98A-3411-8EEB-8918FEC737B3}
		{54A420A7-147F-311A-8C50-702895119DD2} = {0BFBE63A-B98A-3411-8EEB-8918FEC737B3}
		{268679D5-FD13-338E-A3B3-8D000A57D244} = {0BFBE63A-B98A-3411-8EEB-8918FEC737B3}
		{E9FC5AA5-7AA5-38D1-B9DF-1339D3F3F9AE} = {0BFBE63A-B98A-3411-8EEB-8918FEC737B3}
		{2B5CAD57-431C-3594-85F4-AD57EFE8B273} = {0BFBE63A-B98A-3411-8EEB-8918FEC737B3}
		{BC42CC28-781B-3F09-983B-47D760537E31} = {0BFBE63A-B98A-3411-8EEB-8918FEC737B3}
		{D9F26264-9537-3D02-A9BF-F4CB13B01964} = {0BFBE63A-B98A-3411-8EEB-8918FEC737B3}
		{86816685-7AD3-3A12-89BF-37261B7E8418} = {0BFBE63A-B98A-3411-8EEB-8918FEC737B3}
		{EDCAC30C-F3CF-3380-B013-4A6F9702D5EF} = {0BFBE63A-B98A-3411-8EEB-8918FEC737B3}
		{2FCF94CE-4D8F-3A68-8B50-5ACBC9208BC1} = {0BFBE63A-B98A-3411-8EEB-8918FEC737B3}
		{311E4331-B370-3C8C-9E97-997776183C49} = {0BFBE63A-B98A-3411-8EEB-8918FEC737B3}
		{5EE52764-4A79-3780-AA2C-F5DCC2C48D62} = {0BFBE63A-B98A-3411-8EEB-8918FEC737B3}
		{53E63BBB-15F3-3161-AE79-34D001E33A9E} = {0BFBE63A-B98A-3411-8EEB-8918FEC737B3}
		{F3D14E93-86B9-3A67-97C9-7A01DA40F302} = {0BFBE63A-B98A-3411-8EEB-8918FEC737B3}
		{5B85C2BA-5619-3AC6-B4A6-7DC2BC1E2992} = {0BFBE63A-B98A-3411-8EEB-8918FEC737B3}
		{B9186088-05DF-3560-9D0F-4ADBD6F22CF0} = {0BFBE63A-B98A-3411-8EEB-8918FEC737B3}
		{60BD39C8-BC38-3069-A1AE-8787BA7740EF} = {0BFBE63A-B98A-3411-8EEB-8918FEC737B3}
		{6176772D-3FF4-381D-989F-FF40365A3B9A} = {0BFBE63A-B98A-3411-8EEB-8918FEC737B3}
		{E4D7FF85-1951-3CBB-AF56-7AC93DBDD2DD} = {0BFBE63A-B98A-3411-8EEB-8918FEC737B3}
		{878AE9BE-8ACA-39E2-A341-B0C7835313E1} = {7B5CFB44-F0FB-31DF-AE62-C3C096A29A7B}
		{E076339D-48D4-3CF2-8F0B-3DA46729115F} = {57713676-9DBE-331C-AD10-26632AC9EE0C}
		{2B078404-F901-39C5-8806-A8E97BF8BBB3} = {57713676-9DBE-331C-AD10-26632AC9EE0C}
		{531CD0D8-2BA6-399E-9C81-27878BA82D64} = {57713676-9DBE-331C-AD10-26632AC9EE0C}
		{17FC34E5-C8B4-33FF-A468-1237254DEC5B} = {57713676-9DBE-331C-AD10-26632AC9EE0C}
		{D05441D4-3E4B-39A9-BC33-033EDEB0AC9D} = {57713676-9DBE-331C-AD10-26632AC9EE0C}
		{60C8EC0E-DA9F-35A0-BFCF-2515C3B9CD4B} = {57713676-9DBE-331C-AD10-26632AC9EE0C}
		{7A240F1A-A3DB-3C30-B68B-89C7EC10DBAB} = {57713676-9DBE-331C-AD10-26632AC9EE0C}
		{10529F23-1371-3D1D-9AF5-BC90798BB97E} = {57713676-9DBE-331C-AD10-26632AC9EE0C}
		{F6631977-6E68-3CB2-9365-62B1BA4EE91D} = {57713676-9DBE-331C-AD10-26632AC9EE0C}
		{575A163E-E607-393B-A097-181B1717DB32} = {57713676-9DBE-331C-AD10-26632AC9EE0C}
		{2A287793-8BDA-3769-86B0-33FAC2D144F7} = {57713676-9DBE-331C-AD10-26632AC9EE0C}
		{065A4733-0D85-37F9-95FA-14711DC5F98D} = {57713676-9DBE-331C-AD10-26632AC9EE0C}
		{5FE436AD-B730-3688-96DB-E7A8541BFC70} = {57713676-9DBE-331C-AD10-26632AC9EE0C}
		{5A458B2D-C4E4-3004-BBFA-2182962C2FC0} = {57713676-9DBE-331C-AD10-26632AC9EE0C}
		{5D1D18D9-20DE-3BF6-B711-DFA27FACC745} = {57713676-9DBE-331C-AD10-26632AC9EE0C}
		{6395EDA4-970E-37EB-9AB8-8BA0BC1D4E37} = {57713676-9DBE-331C-AD10-26632AC9EE0C}
		{36361298-2A91-35E8-AB7D-7172E084A8CA} = {57713676-9DBE-331C-AD10-26632AC9EE0C}
		{DAC76070-3A7B-3696-8171-AC1F4D22B2D9} = {57713676-9DBE-331C-AD10-26632AC9EE0C}
		{887156CA-A006-3F42-9F59-6FEF1E2D2596} = {57713676-9DBE-331C-AD10-26632AC9EE0C}
		{9D9C55F8-8378-3827-A9A7-AE1DAD29CB9C} = {57713676-9DBE-331C-AD10-26632AC9EE0C}
		{CB7C4B34-B879-397A-9B30-89CB530095E9} = {57713676-9DBE-331C-AD10-26632AC9EE0C}
		{95F810E7-A5C2-3F36-B30F-6AA841CB8038} = {C2F57ECE-B26F-39D8-BDA7-C1D40BD8F180}
		{BC1E8C89-E382-3BCE-9116-6F57434123FC} = {C2F57ECE-B26F-39D8-BDA7-C1D40BD8F180}
		{842539DB-1F14-3820-ADD7-E7C7444338E0} = {C2F57ECE-B26F-39D8-BDA7-C1D40BD8F180}
	EndGlobalSection
EndGlobal
